PODS:
  - LTMorphingLabel (0.7.0)

DEPENDENCIES:
  - LTMorphingLabel

SPEC REPOS:
  https://github.com/CocoaPods/Specs.git:
    - LTMorphingLabel

SPEC CHECKSUMS:
  LTMorphingLabel: 22147fb1ec2b0306537ccc348b36ea8617179b03

PODFILE CHECKSUM: 30f0c3d49507c1737b814749cb008c08c2a3929f

COCOAPODS: 1.8.4
