PODS:
  - ARVideoKit (1.3)
  - LTMorphingLabel (0.7.0)

DEPENDENCIES:
  - ARVideoKit
  - LTMorphingLabel

SPEC REPOS:
  https://github.com/cocoapods/specs.git:
    - ARVideoKit
    - LTMorphingLabel

SPEC CHECKSUMS:
  ARVideoKit: 9bd6fd31662b8b4c3966797e0f596f4d87948475
  LTMorphingLabel: 22147fb1ec2b0306537ccc348b36ea8617179b03

PODFILE CHECKSUM: db4cd96446f44ee75daeecd6e86eb42107afc2dd

COCOAPODS: 1.6.1
